# THIS IS AN AUTOGENERATED FILE. DO NOT EDIT THIS FILE DIRECTLY.
# yarn lockfile v1


"@react-navigation/core@^5.12.3":
  version "5.12.3"
  resolved "https://registry.yarnpkg.com/@react-navigation/core/-/core-5.12.3.tgz#0484fcca290569a0dc10b70b99f00edd3f1fd93c"
  integrity sha512-aEOTAw4FRRNsNu6F9ibLk3SVSs4Res8BI832NEZN6qUto5ZgtuYnQHWeWV2cZ43Nc9KvUyQC/vXvO2RScwgFwA==
  dependencies:
    "@react-navigation/routers" "^5.4.11"
    escape-string-regexp "^4.0.0"
    nanoid "^3.1.12"
    query-string "^6.13.1"
    react-is "^16.13.0"
    use-subscription "^1.4.0"

"@react-navigation/native@^5.7.3":
  version "5.7.3"
  resolved "https://registry.yarnpkg.com/@react-navigation/native/-/native-5.7.3.tgz#3cda5ee7b0fe0d980db6d788419f0af50a64deac"
  integrity sha512-bXb1g/cLpGF2DW1Vxk90Ch5vbaZTk5b/4Fn5xjQlueQODgc9ca+GPEssKZ84hCrNmS+Xg+iK1m/ArawLF5gMlw==
  dependencies:
    "@react-navigation/core" "^5.12.3"
    nanoid "^3.1.12"

"@react-navigation/routers@^5.4.11":
  version "5.4.11"
  resolved "https://registry.yarnpkg.com/@react-navigation/routers/-/routers-5.4.11.tgz#75dbec1809e282c3749068845099c5bee2c792f0"
  integrity sha512-J/CsHdIjYBRe81UUiLOoz9NSrQ91uP23Oe21QPCALInRHx+rfwo2oPl6Fn8xAa7n8Dtt2oQUGyF+g5d05cB74w==
  dependencies:
    nanoid "^3.1.12"

decode-uri-component@^0.2.0:
  version "0.2.0"
  resolved "https://registry.yarnpkg.com/decode-uri-component/-/decode-uri-component-0.2.0.tgz#eb3913333458775cb84cd1a1fae062106bb87545"
  integrity sha1-6zkTMzRYd1y4TNGh+uBiEGu4dUU=

escape-string-regexp@^4.0.0:
  version "4.0.0"
  resolved "https://registry.yarnpkg.com/escape-string-regexp/-/escape-string-regexp-4.0.0.tgz#14ba83a5d373e3d311e5afca29cf5bfad965bf34"
  integrity sha512-TtpcNJ3XAzx3Gq8sWRzJaVajRs0uVxA2YAkdb1jm2YkPz4G6egUFAyA3n5vtEIZefPk5Wa4UXbKuS5fKkJWdgA==

nanoid@^3.1.12:
  version "3.1.12"
  resolved "https://registry.yarnpkg.com/nanoid/-/nanoid-3.1.12.tgz#6f7736c62e8d39421601e4a0c77623a97ea69654"
  integrity sha512-1qstj9z5+x491jfiC4Nelk+f8XBad7LN20PmyWINJEMRSf3wcAjAWysw1qaA8z6NSKe2sjq1hRSDpBH5paCb6A==

object-assign@^4.1.1:
  version "4.1.1"
  resolved "https://registry.yarnpkg.com/object-assign/-/object-assign-4.1.1.tgz#2109adc7965887cfc05cbbd442cac8bfbb360863"
  integrity sha1-IQmtx5ZYh8/AXLvUQsrIv7s2CGM=

query-string@^6.13.1:
  version "6.13.1"
  resolved "https://registry.yarnpkg.com/query-string/-/query-string-6.13.1.tgz#d913ccfce3b4b3a713989fe6d39466d92e71ccad"
  integrity sha512-RfoButmcK+yCta1+FuU8REvisx1oEzhMKwhLUNcepQTPGcNMp1sIqjnfCtfnvGSQZQEhaBHvccujtWoUV3TTbA==
  dependencies:
    decode-uri-component "^0.2.0"
    split-on-first "^1.0.0"
    strict-uri-encode "^2.0.0"

react-is@^16.13.0:
  version "16.13.1"
  resolved "https://registry.yarnpkg.com/react-is/-/react-is-16.13.1.tgz#789729a4dc36de2999dc156dd6c1d9c18cea56a4"
  integrity sha512-24e6ynE2H+OKt4kqsOvNd8kBpV65zoxbA4BVsEOB3ARVWQki/DHzaUoC5KuON/BiccDaCCTZBuOcfZs70kR8bQ==

split-on-first@^1.0.0:
  version "1.1.0"
  resolved "https://registry.yarnpkg.com/split-on-first/-/split-on-first-1.1.0.tgz#f610afeee3b12bce1d0c30425e76398b78249a5f"
  integrity sha512-43ZssAJaMusuKWL8sKUBQXHWOpq8d6CfN/u1p4gUzfJkM05C8rxTmYrkIPTXapZpORA6LkkzcUulJ8FqA7Uudw==

strict-uri-encode@^2.0.0:
  version "2.0.0"
  resolved "https://registry.yarnpkg.com/strict-uri-encode/-/strict-uri-encode-2.0.0.tgz#b9c7330c7042862f6b142dc274bbcc5866ce3546"
  integrity sha1-ucczDHBChi9rFC3CdLvMWGbONUY=

use-subscription@^1.4.0:
  version "1.4.1"
  resolved "https://registry.yarnpkg.com/use-subscription/-/use-subscription-1.4.1.tgz#edcbcc220f1adb2dd4fa0b2f61b6cc308e620069"
  integrity sha512-7+IIwDG/4JICrWHL/Q/ZPK5yozEnvRm6vHImu0LKwQlmWGKeiF7mbAenLlK/cTNXrTtXHU/SFASQHzB6+oSJMQ==
  dependencies:
    object-assign "^4.1.1"
